
Microsoft Visual Studio Solution File, Format Version 12.00
# Visual Studio 15
VisualStudioVersion = 15.0.28307.168
MinimumVisualStudioVersion = 10.0.40219.1
Project("{2150E333-8FDC-42A3-9474-1A3956D46DE8}") = "Solution Items", "Solution Items", "{0997049C-4F9B-473E-984F-1BA671A1C135}"
	ProjectSection(SolutionItems) = preProject
		.editorconfig = .editorconfig
		.gitattributes = .gitattributes
		.gitignore = .gitignore
		build.cmd = build.cmd
		build.sh = build.sh
		Directory.Build.props = Directory.Build.props
		Directory.Build.targets = Directory.Build.targets
		LICENSE.md = LICENSE.md
		pack.cmd = pack.cmd
		pack.sh = pack.sh
		Play.snk = Play.snk
		restore.cmd = restore.cmd
		restore.sh = restore.sh
		test.cmd = test.cmd
		test.sh = test.sh
	EndProjectSection
EndProject
Project("{2150E333-8FDC-42A3-9474-1A3956D46DE8}") = "scripts", "scripts", "{AC8FACEE-5D7F-4D01-B6E6-BB9D725CEF3A}"
	ProjectSection(SolutionItems) = preProject
		scripts\build.ps1 = scripts\build.ps1
		scripts\build.sh = scripts\build.sh
		scripts\cibuild.cmd = scripts\cibuild.cmd
		scripts\cibuild.sh = scripts\cibuild.sh
	EndProjectSection
EndProject
Project("{2150E333-8FDC-42A3-9474-1A3956D46DE8}") = "docs", "docs", "{949B77A9-26FA-4479-AEDC-4DA519F3DEE9}"
	ProjectSection(SolutionItems) = preProject
		docs\CODE_OF_CONDUCT.md = docs\CODE_OF_CONDUCT.md
		docs\CODEOWNERS = docs\CODEOWNERS
		docs\CONTRIBUTING.md = docs\CONTRIBUTING.md
		docs\ISSUE_TEMPLATE.md = docs\ISSUE_TEMPLATE.md
		docs\PULL_REQUEST_TEMPLATE.md = docs\PULL_REQUEST_TEMPLATE.md
		docs\README.md = docs\README.md
	EndProjectSection
EndProject
Global
	GlobalSection(SolutionProperties) = preSolution
		HideSolutionNode = FALSE
	EndGlobalSection
	GlobalSection(ExtensibilityGlobals) = postSolution
		SolutionGuid = {41BCED2D-AF2E-4856-AD24-C262030AC5E0}
	EndGlobalSection
EndGlobal
